
Microsoft Visual Studio Solution File, Format Version 12.00
# Visual Studio Version 16
VisualStudioVersion = 16.0.30907.101
MinimumVisualStudioVersion = 10.0.40219.1
Project("{9A19103F-16F7-4668-BE54-9A1E7A4F7556}") = "ConsoleUI", "ConsoleUI\ConsoleUI.csproj", "{A4FE3A56-4F91-4767-A993-5DFBE9B78B66}"
EndProject
Project("{9A19103F-16F7-4668-BE54-9A1E7A4F7556}") = "DataAccess", "DataAccess\DataAccess.csproj", "{31B23917-2D76-4F19-BF7A-832AD20A9918}"
EndProject
Project("{9A19103F-16F7-4668-BE54-9A1E7A4F7556}") = "Entities", "Entities\Entities.csproj", "{26929476-073C-4080-AD58-6258007DBC50}"
EndProject
Project("{9A19103F-16F7-4668-BE54-9A1E7A4F7556}") = "Business", "Business\Business.csproj", "{3FD598C0-FBB6-43D3-BBF8-3A305F428491}"
EndProject
Project("{9A19103F-16F7-4668-BE54-9A1E7A4F7556}") = "Core", "Core\Core.csproj", "{042864DD-5516-42C6-80FF-6EF976E21B90}"
EndProject
Project("{FAE04EC0-301F-11D3-BF4B-00C04F79EFBC}") = "WebAPI", "WebAPI\WebAPI.csproj", "{52E02EEA-9AB5-46F3-A708-07BB1458D902}"
EndProject
Global
	GlobalSection(SolutionConfigurationPlatforms) = preSolution
		Debug|Any CPU = Debug|Any CPU
		Release|Any CPU = Release|Any CPU
	EndGlobalSection
	GlobalSection(ProjectConfigurationPlatforms) = postSolution
		{A4FE3A56-4F91-4767-A993-5DFBE9B78B66}.Debug|Any CPU.ActiveCfg = Debug|Any CPU
		{A4FE3A56-4F91-4767-A993-5DFBE9B78B66}.Debug|Any CPU.Build.0 = Debug|Any CPU
		{A4FE3A56-4F91-4767-A993-5DFBE9B78B66}.Release|Any CPU.ActiveCfg = Release|Any CPU
		{A4FE3A56-4F91-4767-A993-5DFBE9B78B66}.Release|Any CPU.Build.0 = Release|Any CPU
		{31B23917-2D76-4F19-BF7A-832AD20A9918}.Debug|Any CPU.ActiveCfg = Debug|Any CPU
		{31B23917-2D76-4F19-BF7A-832AD20A9918}.Debug|Any CPU.Build.0 = Debug|Any CPU
		{31B23917-2D76-4F19-BF7A-832AD20A9918}.Release|Any CPU.ActiveCfg = Release|Any CPU
		{31B23917-2D76-4F19-BF7A-832AD20A9918}.Release|Any CPU.Build.0 = Release|Any CPU
		{26929476-073C-4080-AD58-6258007DBC50}.Debug|Any CPU.ActiveCfg = Debug|Any CPU
		{26929476-073C-4080-AD58-6258007DBC50}.Debug|Any CPU.Build.0 = Debug|Any CPU
		{26929476-073C-4080-AD58-6258007DBC50}.Release|Any CPU.ActiveCfg = Release|Any CPU
		{26929476-073C-4080-AD58-6258007DBC50}.Release|Any CPU.Build.0 = Release|Any CPU
		{3FD598C0-FBB6-43D3-BBF8-3A305F428491}.Debug|Any CPU.ActiveCfg = Debug|Any CPU
		{3FD598C0-FBB6-43D3-BBF8-3A305F428491}.Debug|Any CPU.Build.0 = Debug|Any CPU
		{3FD598C0-FBB6-43D3-BBF8-3A305F428491}.Release|Any CPU.ActiveCfg = Release|Any CPU
		{3FD598C0-FBB6-43D3-BBF8-3A305F428491}.Release|Any CPU.Build.0 = Release|Any CPU
		{042864DD-5516-42C6-80FF-6EF976E21B90}.Debug|Any CPU.ActiveCfg = Debug|Any CPU
		{042864DD-5516-42C6-80FF-6EF976E21B90}.Debug|Any CPU.Build.0 = Debug|Any CPU
		{042864DD-5516-42C6-80FF-6EF976E21B90}.Release|Any CPU.ActiveCfg = Release|Any CPU
		{042864DD-5516-42C6-80FF-6EF976E21B90}.Release|Any CPU.Build.0 = Release|Any CPU
		{52E02EEA-9AB5-46F3-A708-07BB1458D902}.Debug|Any CPU.ActiveCfg = Debug|Any CPU
		{52E02EEA-9AB5-46F3-A708-07BB1458D902}.Debug|Any CPU.Build.0 = Debug|Any CPU
		{52E02EEA-9AB5-46F3-A708-07BB1458D902}.Release|Any CPU.ActiveCfg = Release|Any CPU
		{52E02EEA-9AB5-46F3-A708-07BB1458D902}.Release|Any CPU.Build.0 = Release|Any CPU
	EndGlobalSection
	GlobalSection(SolutionProperties) = preSolution
		HideSolutionNode = FALSE
	EndGlobalSection
	GlobalSection(ExtensibilityGlobals) = postSolution
		SolutionGuid = {2E292641-6799-4A58-8802-47B81758A768}
	EndGlobalSection
EndGlobal
